{
  "lockfileVersion": 1,
  "configVersion": 1,
  "workspaces": {
    "": {
      "name": "check-typography",
      "dependencies": {
        "monaco-editor": "^0.55.1",
      },
      "devDependencies": {
        "@types/node": "^24.0.0",
        "typescript": "^6.0.3",
      },
    },
  },
  "packages": {
    "@types/node": ["@types/node@24.13.3", "", { "dependencies": { "undici-types": "~7.18.0" } }, "sha512-Dh8vAsV36ig5wa9OX4pXvMc9D3Veibfw2wix0CUwYODLD8nkj9UsLjASr49nPg+2eKzxhBV+v7L8pXvT4e639Q=="],

    "@types/trusted-types": ["@types/trusted-types@2.0.7", "", {}, "sha512-ScaPdn1dQczgbl0QFTeTOmVHFULt394XJgOQNoyVhZ6r2vLnMLJfBPd53SB52T/3G36VI1/g2MZaX0cwDuXsfw=="],

    "dompurify": ["dompurify@3.2.7", "", { "optionalDependencies": { "@types/trusted-types": "^2.0.7" } }, "sha512-WhL/YuveyGXJaerVlMYGWhvQswa7myDG17P7Vu65EWC05o8vfeNbvNf4d/BOvH99+ZW+LlQsc1GDKMa1vNK6dw=="],

    "marked": ["marked@14.0.0", "", { "bin": { "marked": "bin/marked.js" } }, "sha512-uIj4+faQ+MgHgwUW1l2PsPglZLOLOT1uErt06dAPtx2kjteLAkbsd/0FiYg/MGS+i7ZKLb7w2WClxHkzOOuryQ=="],

    "monaco-editor": ["monaco-editor@0.55.1", "", { "dependencies": { "dompurify": "3.2.7", "marked": "14.0.0" } }, "sha512-jz4x+TJNFHwHtwuV9vA9rMujcZRb0CEilTEwG2rRSpe/A7Jdkuj8xPKttCgOh+v/lkHy7HsZ64oj+q3xoAFl9A=="],

    "typescript": ["typescript@6.0.3", "", { "bin": { "tsc": "bin/tsc", "tsserver": "bin/tsserver" } }, "sha512-y2TvuxSZPDyQakkFRPZHKFm+KKVqIisdg9/CZwm9ftvKXLP8NRWj38/ODjNbr43SsoXqNuAisEf1GdCxqWcdBw=="],

    "undici-types": ["undici-types@7.18.2", "", {}, "sha512-AsuCzffGHJybSaRrmr5eHr81mwJU3kjw6M+uprWvCXiNeN9SOGwQ3Jn8jb8m3Z6izVgknn1R0FTCEAP2QrLY/w=="],
  }
}
